// !$*UTF8*$!
{
	archiveVersion = 1;
	classes = {
	};
	objectVersion = 77;
	objects = {

/* Begin PBXBuildFile section */
		C0DE00000000000000000031 /* ConduitCore in Frameworks */ = {isa = PBXBuildFile; productRef = C0DE00000000000000000021 /* ConduitCore */; };
		C0DE00000000000000000032 /* ConduitState in Frameworks */ = {isa = PBXBuildFile; productRef = C0DE00000000000000000022 /* ConduitState */; };
		C0DE00000000000000000033 /* ConduitMedia in Frameworks */ = {isa = PBXBuildFile; productRef = C0DE00000000000000000023 /* ConduitMedia */; };
		C0DE00000000000000000034 /* ConduitDesign in Frameworks */ = {isa = PBXBuildFile; productRef = C0DE00000000000000000024 /* ConduitDesign */; };
		C0DE00000000000000000035 /* ConduitProtocol in Frameworks */ = {isa = PBXBuildFile; productRef = C0DE00000000000000000025 /* ConduitProtocol */; };
/* End PBXBuildFile section */

/* Begin PBXFileReference section */
		C0DE00000000000000000004 /* Conduit.app */ = {isa = PBXFileReference; explicitFileType = wrapper.application; includeInIndex = 0; path = Conduit.app; sourceTree = BUILT_PRODUCTS_DIR; };
		C0DE00000000000000000007 /* Base.xcconfig */ = {isa = PBXFileReference; lastKnownFileType = text.xcconfig; path = Base.xcconfig; sourceTree = "<group>"; };
		C0DE00000000000000000008 /* Signing.xcconfig */ = {isa = PBXFileReference; lastKnownFileType = text.xcconfig; path = Signing.xcconfig; sourceTree = "<group>"; };
/* End PBXFileReference section */

/* Begin PBXFileSystemSynchronizedBuildFileExceptionSet section */
		C0DE00000000000000000040 /* Exceptions for "Conduit" folder in "Conduit" target */ = {
			isa = PBXFileSystemSynchronizedBuildFileExceptionSet;
			membershipExceptions = (
				Resources/Info.plist,
			);
			target = C0DE00000000000000000010 /* Conduit */;
		};
/* End PBXFileSystemSynchronizedBuildFileExceptionSet section */

/* Begin PBXFileSystemSynchronizedRootGroup section */
		C0DE00000000000000000005 /* Conduit */ = {
			isa = PBXFileSystemSynchronizedRootGroup;
			exceptions = (
				C0DE00000000000000000040 /* Exceptions for "Conduit" folder in "Conduit" target */,
			);
			path = Conduit;
			sourceTree = "<group>";
		};
/* End PBXFileSystemSynchronizedRootGroup section */

/* Begin PBXFrameworksBuildPhase section */
		C0DE00000000000000000012 /* Frameworks */ = {
			isa = PBXFrameworksBuildPhase;
			buildActionMask = 2147483647;
			files = (
				C0DE00000000000000000031 /* ConduitCore in Frameworks */,
				C0DE00000000000000000032 /* ConduitState in Frameworks */,
				C0DE00000000000000000033 /* ConduitMedia in Frameworks */,
				C0DE00000000000000000034 /* ConduitDesign in Frameworks */,
				C0DE00000000000000000035 /* ConduitProtocol in Frameworks */,
			);
			runOnlyForDeploymentPostprocessing = 0;
		};
/* End PBXFrameworksBuildPhase section */

/* Begin PBXGroup section */
		C0DE00000000000000000002 = {
			isa = PBXGroup;
			children = (
				C0DE00000000000000000005 /* Conduit */,
				C0DE00000000000000000006 /* Config */,
				C0DE00000000000000000003 /* Products */,
			);
			sourceTree = "<group>";
		};
		C0DE00000000000000000003 /* Products */ = {
			isa = PBXGroup;
			children = (
				C0DE00000000000000000004 /* Conduit.app */,
			);
			name = Products;
			sourceTree = "<group>";
		};
		C0DE00000000000000000006 /* Config */ = {
			isa = PBXGroup;
			children = (
				C0DE00000000000000000007 /* Base.xcconfig */,
				C0DE00000000000000000008 /* Signing.xcconfig */,
			);
			path = Config;
			sourceTree = "<group>";
		};
/* End PBXGroup section */

/* Begin PBXNativeTarget section */
		C0DE00000000000000000010 /* Conduit */ = {
			isa = PBXNativeTarget;
			buildConfigurationList = C0DE00000000000000000014 /* Build configuration list for PBXNativeTarget "Conduit" */;
			buildPhases = (
				C0DE00000000000000000011 /* Sources */,
				C0DE00000000000000000012 /* Frameworks */,
				C0DE00000000000000000013 /* Resources */,
			);
			buildRules = (
			);
			dependencies = (
			);
			fileSystemSynchronizedGroups = (
				C0DE00000000000000000005 /* Conduit */,
			);
			name = Conduit;
			packageProductDependencies = (
				C0DE00000000000000000021 /* ConduitCore */,
				C0DE00000000000000000022 /* ConduitState */,
				C0DE00000000000000000023 /* ConduitMedia */,
				C0DE00000000000000000024 /* ConduitDesign */,
				C0DE00000000000000000025 /* ConduitProtocol */,
			);
			productName = Conduit;
			productReference = C0DE00000000000000000004 /* Conduit.app */;
			productType = "com.apple.product-type.application";
		};
/* End PBXNativeTarget section */

/* Begin PBXProject section */
		C0DE00000000000000000001 /* Project object */ = {
			isa = PBXProject;
			attributes = {
				BuildIndependentTargetsInParallel = 1;
				LastSwiftUpdateCheck = 2660;
				LastUpgradeCheck = 2660;
				TargetAttributes = {
					C0DE00000000000000000010 = {
						CreatedOnToolsVersion = 26.6;
					};
				};
			};
			buildConfigurationList = C0DE00000000000000000017 /* Build configuration list for PBXProject "Conduit" */;
			developmentRegion = en;
			hasScannedForEncodings = 0;
			knownRegions = (
				en,
				Base,
			);
			mainGroup = C0DE00000000000000000002;
			minimizedProjectReferenceProxies = 1;
			packageReferences = (
				C0DE00000000000000000020 /* XCLocalSwiftPackageReference "../Shared/ConduitKit" */,
			);
			preferredProjectObjectVersion = 77;
			productRefGroup = C0DE00000000000000000003 /* Products */;
			projectDirPath = "";
			projectRoot = "";
			targets = (
				C0DE00000000000000000010 /* Conduit */,
			);
		};
/* End PBXProject section */

/* Begin PBXResourcesBuildPhase section */
		C0DE00000000000000000013 /* Resources */ = {
			isa = PBXResourcesBuildPhase;
			buildActionMask = 2147483647;
			files = (
			);
			runOnlyForDeploymentPostprocessing = 0;
		};
/* End PBXResourcesBuildPhase section */

/* Begin PBXSourcesBuildPhase section */
		C0DE00000000000000000011 /* Sources */ = {
			isa = PBXSourcesBuildPhase;
			buildActionMask = 2147483647;
			files = (
			);
			runOnlyForDeploymentPostprocessing = 0;
		};
/* End PBXSourcesBuildPhase section */

/* Begin XCBuildConfiguration section */
		C0DE00000000000000000015 /* Debug */ = {
			isa = XCBuildConfiguration;
			baseConfigurationReference = C0DE00000000000000000007 /* Base.xcconfig */;
			buildSettings = {
			};
			name = Debug;
		};
		C0DE00000000000000000016 /* Release */ = {
			isa = XCBuildConfiguration;
			baseConfigurationReference = C0DE00000000000000000007 /* Base.xcconfig */;
			buildSettings = {
			};
			name = Release;
		};
		C0DE00000000000000000018 /* Debug */ = {
			isa = XCBuildConfiguration;
			buildSettings = {
				ALWAYS_SEARCH_USER_PATHS = NO;
				ASSETCATALOG_COMPILER_GENERATE_SWIFT_ASSET_SYMBOL_EXTENSIONS = YES;
				CLANG_ANALYZER_NONNULL = YES;
				CLANG_CXX_LANGUAGE_STANDARD = "gnu++20";
				CLANG_ENABLE_MODULES = YES;
				CLANG_ENABLE_OBJC_ARC = YES;
				CLANG_ENABLE_OBJC_WEAK = YES;
				CLANG_WARN_BOOL_CONVERSION = YES;
				CLANG_WARN_COMMA = YES;
				CLANG_WARN_CONSTANT_CONVERSION = YES;
				CLANG_WARN_DOCUMENTATION_COMMENTS = YES;
				CLANG_WARN_EMPTY_BODY = YES;
				CLANG_WARN_ENUM_CONVERSION = YES;
				CLANG_WARN_INFINITE_RECURSION = YES;
				CLANG_WARN_INT_CONVERSION = YES;
				CLANG_WARN_OBJC_LITERAL_CONVERSION = YES;
				CLANG_WARN_RANGE_LOOP_ANALYSIS = YES;
				CLANG_WARN_STRICT_PROTOTYPES = YES;
				CLANG_WARN_SUSPICIOUS_MOVE = YES;
				CLANG_WARN_UNGUARDED_AVAILABILITY = YES_AGGRESSIVE;
				CLANG_WARN_UNREACHABLE_CODE = YES;
				COPY_PHASE_STRIP = NO;
				DEBUG_INFORMATION_FORMAT = dwarf;
				ENABLE_STRICT_OBJC_MSGSEND = YES;
				ENABLE_TESTABILITY = YES;
				ENABLE_USER_SCRIPT_SANDBOXING = YES;
				GCC_C_LANGUAGE_STANDARD = gnu17;
				GCC_DYNAMIC_NO_PIC = NO;
				GCC_NO_COMMON_BLOCKS = YES;
				GCC_OPTIMIZATION_LEVEL = 0;
				GCC_PREPROCESSOR_DEFINITIONS = (
					"DEBUG=1",
					"$(inherited)",
				);
				GCC_WARN_64_TO_32_BIT_CONVERSION = YES;
				GCC_WARN_ABOUT_RETURN_TYPE = YES_ERROR;
				GCC_WARN_UNDECLARED_SELECTOR = YES;
				GCC_WARN_UNINITIALIZED_AUTOS = YES_AGGRESSIVE;
				GCC_WARN_UNUSED_FUNCTION = YES;
				GCC_WARN_UNUSED_VARIABLE = YES;
				LOCALIZATION_PREFERS_STRING_CATALOGS = YES;
				MACOSX_DEPLOYMENT_TARGET = 15.0;
				MTL_ENABLE_DEBUG_INFO = INCLUDE_SOURCE;
				MTL_FAST_MATH = YES;
				ONLY_ACTIVE_ARCH = YES;
				SDKROOT = macosx;
				SWIFT_ACTIVE_COMPILATION_CONDITIONS = "DEBUG $(inherited)";
				SWIFT_OPTIMIZATION_LEVEL = "-Onone";
			};
			name = Debug;
		};
		C0DE00000000000000000019 /* Release */ = {
			isa = XCBuildConfiguration;
			buildSettings = {
				ALWAYS_SEARCH_USER_PATHS = NO;
				ASSETCATALOG_COMPILER_GENERATE_SWIFT_ASSET_SYMBOL_EXTENSIONS = YES;
				CLANG_ANALYZER_NONNULL = YES;
				CLANG_CXX_LANGUAGE_STANDARD = "gnu++20";
				CLANG_ENABLE_MODULES = YES;
				CLANG_ENABLE_OBJC_ARC = YES;
				CLANG_ENABLE_OBJC_WEAK = YES;
				CLANG_WARN_BOOL_CONVERSION = YES;
				CLANG_WARN_COMMA = YES;
				CLANG_WARN_CONSTANT_CONVERSION = YES;
				CLANG_WARN_DOCUMENTATION_COMMENTS = YES;
				CLANG_WARN_EMPTY_BODY = YES;
				CLANG_WARN_ENUM_CONVERSION = YES;
				CLANG_WARN_INFINITE_RECURSION = YES;
				CLANG_WARN_INT_CONVERSION = YES;
				CLANG_WARN_OBJC_LITERAL_CONVERSION = YES;
				CLANG_WARN_RANGE_LOOP_ANALYSIS = YES;
				CLANG_WARN_STRICT_PROTOTYPES = YES;
				CLANG_WARN_SUSPICIOUS_MOVE = YES;
				CLANG_WARN_UNGUARDED_AVAILABILITY = YES_AGGRESSIVE;
				CLANG_WARN_UNREACHABLE_CODE = YES;
				COPY_PHASE_STRIP = NO;
				DEBUG_INFORMATION_FORMAT = "dwarf-with-dsym";
				ENABLE_NS_ASSERTIONS = NO;
				ENABLE_STRICT_OBJC_MSGSEND = YES;
				ENABLE_USER_SCRIPT_SANDBOXING = YES;
				GCC_C_LANGUAGE_STANDARD = gnu17;
				GCC_NO_COMMON_BLOCKS = YES;
				GCC_WARN_64_TO_32_BIT_CONVERSION = YES;
				GCC_WARN_ABOUT_RETURN_TYPE = YES_ERROR;
				GCC_WARN_UNDECLARED_SELECTOR = YES;
				GCC_WARN_UNINITIALIZED_AUTOS = YES_AGGRESSIVE;
				GCC_WARN_UNUSED_FUNCTION = YES;
				GCC_WARN_UNUSED_VARIABLE = YES;
				LOCALIZATION_PREFERS_STRING_CATALOGS = YES;
				MACOSX_DEPLOYMENT_TARGET = 15.0;
				MTL_ENABLE_DEBUG_INFO = NO;
				MTL_FAST_MATH = YES;
				SDKROOT = macosx;
				SWIFT_COMPILATION_MODE = wholemodule;
			};
			name = Release;
		};
/* End XCBuildConfiguration section */

/* Begin XCConfigurationList section */
		C0DE00000000000000000014 /* Build configuration list for PBXNativeTarget "Conduit" */ = {
			isa = XCConfigurationList;
			buildConfigurations = (
				C0DE00000000000000000015 /* Debug */,
				C0DE00000000000000000016 /* Release */,
			);
			defaultConfigurationIsVisible = 0;
			defaultConfigurationName = Release;
		};
		C0DE00000000000000000017 /* Build configuration list for PBXProject "Conduit" */ = {
			isa = XCConfigurationList;
			buildConfigurations = (
				C0DE00000000000000000018 /* Debug */,
				C0DE00000000000000000019 /* Release */,
			);
			defaultConfigurationIsVisible = 0;
			defaultConfigurationName = Release;
		};
/* End XCConfigurationList section */

/* Begin XCLocalSwiftPackageReference section */
		C0DE00000000000000000020 /* XCLocalSwiftPackageReference "../Shared/ConduitKit" */ = {
			isa = XCLocalSwiftPackageReference;
			relativePath = ../Shared/ConduitKit;
		};
/* End XCLocalSwiftPackageReference section */

/* Begin XCSwiftPackageProductDependency section */
		C0DE00000000000000000021 /* ConduitCore */ = {
			isa = XCSwiftPackageProductDependency;
			productName = ConduitCore;
		};
		C0DE00000000000000000022 /* ConduitState */ = {
			isa = XCSwiftPackageProductDependency;
			productName = ConduitState;
		};
		C0DE00000000000000000023 /* ConduitMedia */ = {
			isa = XCSwiftPackageProductDependency;
			productName = ConduitMedia;
		};
		C0DE00000000000000000024 /* ConduitDesign */ = {
			isa = XCSwiftPackageProductDependency;
			productName = ConduitDesign;
		};
		C0DE00000000000000000025 /* ConduitProtocol */ = {
			isa = XCSwiftPackageProductDependency;
			productName = ConduitProtocol;
		};
/* End XCSwiftPackageProductDependency section */
	};
	rootObject = C0DE00000000000000000001 /* Project object */;
}
